// !$*UTF8*$!
{
	archiveVersion = 1;
	classes = {
	};
	objectVersion = 46;
	objects = {

/* Begin PBXBuildFile section */
		81DD3A801DD74B4A003E55D9 /* AppDelegate.swift in Sources */ = {isa = PBXBuildFile; fileRef = 81DD3A7F1DD74B4A003E55D9 /* AppDelegate.swift */; };
		81DD3A821DD74B4A003E55D9 /* ViewController.swift in Sources */ = {isa = PBXBuildFile; fileRef = 81DD3A811DD74B4A003E55D9 /* ViewController.swift */; };
		81DD3A851DD74B4A003E55D9 /* Main.storyboard in Resources */ = {isa = PBXBuildFile; fileRef = 81DD3A831DD74B4A003E55D9 /* Main.storyboard */; };
		81DD3A881DD74B4A003E55D9 /* PhotoViewer.xcdatamodeld in Sources */ = {isa = PBXBuildFile; fileRef = 81DD3A861DD74B4A003E55D9 /* PhotoViewer.xcdatamodeld */; };
		81DD3A8A1DD74B4A003E55D9 /* Assets.xcassets in Resources */ = {isa = PBXBuildFile; fileRef = 81DD3A891DD74B4A003E55D9 /* Assets.xcassets */; };
		81DD3A8D1DD74B4A003E55D9 /* LaunchScreen.storyboard in Resources */ = {isa = PBXBuildFile; fileRef = 81DD3A8B1DD74B4A003E55D9 /* LaunchScreen.storyboard */; };
/* End PBXBuildFile section */

/* Begin PBXFileReference section */
		81DD3A7C1DD74B4A003E55D9 /* PhotoViewer.app */ = {isa = PBXFileReference; explicitFileType = wrapper.application; includeInIndex = 0; path = PhotoViewer.app; sourceTree = BUILT_PRODUCTS_DIR; };
		81DD3A7F1DD74B4A003E55D9 /* AppDelegate.swift */ = {isa = PBXFileReference; lastKnownFileType = sourcecode.swift; path = AppDelegate.swift; sourceTree = "<group>"; };
		81DD3A811DD74B4A003E55D9 /* ViewController.swift */ = {isa = PBXFileReference; lastKnownFileType = sourcecode.swift; path = ViewController.swift; sourceTree = "<group>"; };
		81DD3A841DD74B4A003E55D9 /* Base */ = {isa = PBXFileReference; lastKnownFileType = file.storyboard; name = Base; path = Base.lproj/Main.storyboard; sourceTree = "<group>"; };
		81DD3A871DD74B4A003E55D9 /* PhotoViewer.xcdatamodel */ = {isa = PBXFileReference; lastKnownFileType = wrapper.xcdatamodel; path = PhotoViewer.xcdatamodel; sourceTree = "<group>"; };
		81DD3A891DD74B4A003E55D9 /* Assets.xcassets */ = {isa = PBXFileReference; lastKnownFileType = folder.assetcatalog; path = Assets.xcassets; sourceTree = "<group>"; };
		81DD3A8C1DD74B4A003E55D9 /* Base */ = {isa = PBXFileReference; lastKnownFileType = file.storyboard; name = Base; path = Base.lproj/LaunchScreen.storyboard; sourceTree = "<group>"; };
		81DD3A8E1DD74B4A003E55D9 /* Info.plist */ = {isa = PBXFileReference; lastKnownFileType = text.plist.xml; path = Info.plist; sourceTree = "<group>"; };
/* End PBXFileReference section */

/* Begin PBXFrameworksBuildPhase section */
		81DD3A791DD74B4A003E55D9 /* Frameworks */ = {
			isa = PBXFrameworksBuildPhase;
			buildActionMask = 2147483647;
			files = (
			);
			runOnlyForDeploymentPostprocessing = 0;
		};
/* End PBXFrameworksBuildPhase section */

/* Begin PBXGroup section */
		81DD3A731DD74B4A003E55D9 = {
			isa = PBXGroup;
			children = (
				81DD3A7E1DD74B4A003E55D9 /* PhotoViewer */,
				81DD3A7D1DD74B4A003E55D9 /* Products */,
			);
			sourceTree = "<group>";
		};
		81DD3A7D1DD74B4A003E55D9 /* Products */ = {
			isa = PBXGroup;
			children = (
				81DD3A7C1DD74B4A003E55D9 /* PhotoViewer.app */,
			);
			name = Products;
			sourceTree = "<group>";
		};
		81DD3A7E1DD74B4A003E55D9 /* PhotoViewer */ = {
			isa = PBXGroup;
			children = (
				81DD3A7F1DD74B4A003E55D9 /* AppDelegate.swift */,
				81DD3A811DD74B4A003E55D9 /* ViewController.swift */,
				81DD3A831DD74B4A003E55D9 /* Main.storyboard */,
				81DD3A891DD74B4A003E55D9 /* Assets.xcassets */,
				81DD3A8B1DD74B4A003E55D9 /* LaunchScreen.storyboard */,
				81DD3A8E1DD74B4A003E55D9 /* Info.plist */,
				81DD3A861DD74B4A003E55D9 /* PhotoViewer.xcdatamodeld */,
			);
			path = PhotoViewer;
			sourceTree = "<group>";
		};
/* End PBXGroup section */

/* Begin PBXNativeTarget section */
		81DD3A7B1DD74B4A003E55D9 /* PhotoViewer */ = {
			isa = PBXNativeTarget;
			buildConfigurationList = 81DD3A911DD74B4A003E55D9 /* Build configuration list for PBXNativeTarget "PhotoViewer" */;
			buildPhases = (
				81DD3A781DD74B4A003E55D9 /* Sources */,
				81DD3A791DD74B4A003E55D9 /* Frameworks */,
				81DD3A7A1DD74B4A003E55D9 /* Resources */,
			);
			buildRules = (
			);
			dependencies = (
			);
			name = PhotoViewer;
			productName = PhotoViewer;
			productReference = 81DD3A7C1DD74B4A003E55D9 /* PhotoViewer.app */;
			productType = "com.apple.product-type.application";
		};
/* End PBXNativeTarget section */

/* Begin PBXProject section */
		81DD3A741DD74B4A003E55D9 /* Project object */ = {
			isa = PBXProject;
			attributes = {
				LastSwiftUpdateCheck = 0810;
				LastUpgradeCheck = 0810;
				ORGANIZATIONNAME = "Alex Tanabe";
				TargetAttributes = {
					81DD3A7B1DD74B4A003E55D9 = {
						CreatedOnToolsVersion = 8.1;
						ProvisioningStyle = Automatic;
					};
				};
			};
			buildConfigurationList = 81DD3A771DD74B4A003E55D9 /* Build configuration list for PBXProject "PhotoViewer" */;
			compatibilityVersion = "Xcode 3.2";
			developmentRegion = English;
			hasScannedForEncodings = 0;
			knownRegions = (
				en,
				Base,
			);
			mainGroup = 81DD3A731DD74B4A003E55D9;
			productRefGroup = 81DD3A7D1DD74B4A003E55D9 /* Products */;
			projectDirPath = "";
			projectRoot = "";
			targets = (
				81DD3A7B1DD74B4A003E55D9 /* PhotoViewer */,
			);
		};
/* End PBXProject section */

/* Begin PBXResourcesBuildPhase section */
		81DD3A7A1DD74B4A003E55D9 /* Resources */ = {
			isa = PBXResourcesBuildPhase;
			buildActionMask = 2147483647;
			files = (
				81DD3A8D1DD74B4A003E55D9 /* LaunchScreen.storyboard in Resources */,
				81DD3A8A1DD74B4A003E55D9 /* Assets.xcassets in Resources */,
				81DD3A851DD74B4A003E55D9 /* Main.storyboard in Resources */,
			);
			runOnlyForDeploymentPostprocessing = 0;
		};
/* End PBXResourcesBuildPhase section */

/* Begin PBXSourcesBuildPhase section */
		81DD3A781DD74B4A003E55D9 /* Sources */ = {
			isa = PBXSourcesBuildPhase;
			buildActionMask = 2147483647;
			files = (
				81DD3A881DD74B4A003E55D9 /* PhotoViewer.xcdatamodeld in Sources */,
				81DD3A821DD74B4A003E55D9 /* ViewController.swift in Sources */,
				81DD3A801DD74B4A003E55D9 /* AppDelegate.swift in Sources */,
			);
			runOnlyForDeploymentPostprocessing = 0;
		};
/* End PBXSourcesBuildPhase section */

/* Begin PBXVariantGroup section */
		81DD3A831DD74B4A003E55D9 /* Main.storyboard */ = {
			isa = PBXVariantGroup;
			children = (
				81DD3A841DD74B4A003E55D9 /* Base */,
			);
			name = Main.storyboard;
			sourceTree = "<group>";
		};
		81DD3A8B1DD74B4A003E55D9 /* LaunchScreen.storyboard */ = {
			isa = PBXVariantGroup;
			children = (
				81DD3A8C1DD74B4A003E55D9 /* Base */,
			);
			name = LaunchScreen.storyboard;
			sourceTree = "<group>";
		};
/* End PBXVariantGroup section */

/* Begin XCBuildConfiguration section */
		81DD3A8F1DD74B4A003E55D9 /* Debug */ = {
			isa = XCBuildConfiguration;
			buildSettings = {
				ALWAYS_SEARCH_USER_PATHS = NO;
				CLANG_ANALYZER_NONNULL = YES;
				CLANG_CXX_LANGUAGE_STANDARD = "gnu++0x";
				CLANG_CXX_LIBRARY = "libc++";
				CLANG_ENABLE_MODULES = YES;
				CLANG_ENABLE_OBJC_ARC = YES;
				CLANG_WARN_BOOL_CONVERSION = YES;
				CLANG_WARN_CONSTANT_CONVERSION = YES;
				CLANG_WARN_DIRECT_OBJC_ISA_USAGE = YES_ERROR;
				CLANG_WARN_DOCUMENTATION_COMMENTS = YES;
				CLANG_WARN_EMPTY_BODY = YES;
				CLANG_WARN_ENUM_CONVERSION = YES;
				CLANG_WARN_INFINITE_RECURSION = YES;
				CLANG_WARN_INT_CONVERSION = YES;
				CLANG_WARN_OBJC_ROOT_CLASS = YES_ERROR;
				CLANG_WARN_SUSPICIOUS_MOVES = YES;
				CLANG_WARN_UNREACHABLE_CODE = YES;
				CLANG_WARN__DUPLICATE_METHOD_MATCH = YES;
				"CODE_SIGN_IDENTITY[sdk=iphoneos*]" = "iPhone Developer";
				COPY_PHASE_STRIP = NO;
				DEBUG_INFORMATION_FORMAT = dwarf;
				ENABLE_STRICT_OBJC_MSGSEND = YES;
				ENABLE_TESTABILITY = YES;
				GCC_C_LANGUAGE_STANDARD = gnu99;
				GCC_DYNAMIC_NO_PIC = NO;
				GCC_NO_COMMON_BLOCKS = YES;
				GCC_OPTIMIZATION_LEVEL = 0;
				GCC_PREPROCESSOR_DEFINITIONS = (
					"DEBUG=1",
					"$(inherited)",
				);
				GCC_WARN_64_TO_32_BIT_CONVERSION = YES;
				GCC_WARN_ABOUT_RETURN_TYPE = YES_ERROR;
				GCC_WARN_UNDECLARED_SELECTOR = YES;
				GCC_WARN_UNINITIALIZED_AUTOS = YES_AGGRESSIVE;
				GCC_WARN_UNUSED_FUNCTION = YES;
				GCC_WARN_UNUSED_VARIABLE = YES;
				IPHONEOS_DEPLOYMENT_TARGET = 10.1;
				MTL_ENABLE_DEBUG_INFO = YES;
				ONLY_ACTIVE_ARCH = YES;
				SDKROOT = iphoneos;
				SWIFT_ACTIVE_COMPILATION_CONDITIONS = DEBUG;
				SWIFT_OPTIMIZATION_LEVEL = "-Onone";
				TARGETED_DEVICE_FAMILY = "1,2";
			};
			name = Debug;
		};
		81DD3A901DD74B4A003E55D9 /* Release */ = {
			isa = XCBuildConfiguration;
			buildSettings = {
				ALWAYS_SEARCH_USER_PATHS = NO;
				CLANG_ANALYZER_NONNULL = YES;
				CLANG_CXX_LANGUAGE_STANDARD = "gnu++0x";
				CLANG_CXX_LIBRARY = "libc++";
				CLANG_ENABLE_MODULES = YES;
				CLANG_ENABLE_OBJC_ARC = YES;
				CLANG_WARN_BOOL_CONVERSION = YES;
				CLANG_WARN_CONSTANT_CONVERSION = YES;
				CLANG_WARN_DIRECT_OBJC_ISA_USAGE = YES_ERROR;
				CLANG_WARN_DOCUMENTATION_COMMENTS = YES;
				CLANG_WARN_EMPTY_BODY = YES;
				CLANG_WARN_ENUM_CONVERSION = YES;
				CLANG_WARN_INFINITE_RECURSION = YES;
				CLANG_WARN_INT_CONVERSION = YES;
				CLANG_WARN_OBJC_ROOT_CLASS = YES_ERROR;
				CLANG_WARN_SUSPICIOUS_MOVES = YES;
				CLANG_WARN_UNREACHABLE_CODE = YES;
				CLANG_WARN__DUPLICATE_METHOD_MATCH = YES;
				"CODE_SIGN_IDENTITY[sdk=iphoneos*]" = "iPhone Developer";
				COPY_PHASE_STRIP = NO;
				DEBUG_INFORMATION_FORMAT = "dwarf-with-dsym";
				ENABLE_NS_ASSERTIONS = NO;
				ENABLE_STRICT_OBJC_MSGSEND = YES;
				GCC_C_LANGUAGE_STANDARD = gnu99;
				GCC_NO_COMMON_BLOCKS = YES;
				GCC_WARN_64_TO_32_BIT_CONVERSION = YES;
				GCC_WARN_ABOUT_RETURN_TYPE = YES_ERROR;
				GCC_WARN_UNDECLARED_SELECTOR = YES;
				GCC_WARN_UNINITIALIZED_AUTOS = YES_AGGRESSIVE;
				GCC_WARN_UNUSED_FUNCTION = YES;
				GCC_WARN_UNUSED_VARIABLE = YES;
				IPHONEOS_DEPLOYMENT_TARGET = 10.1;
				MTL_ENABLE_DEBUG_INFO = NO;
				SDKROOT = iphoneos;
				SWIFT_OPTIMIZATION_LEVEL = "-Owholemodule";
				TARGETED_DEVICE_FAMILY = "1,2";
				VALIDATE_PRODUCT = YES;
			};
			name = Release;
		};
		81DD3A921DD74B4A003E55D9 /* Debug */ = {
			isa = XCBuildConfiguration;
			buildSettings = {
				ASSETCATALOG_COMPILER_APPICON_NAME = AppIcon;
				INFOPLIST_FILE = PhotoViewer/Info.plist;
				LD_RUNPATH_SEARCH_PATHS = "$(inherited) @executable_path/Frameworks";
				PRODUCT_BUNDLE_IDENTIFIER = tanabealex.PhotoViewer;
				PRODUCT_NAME = "$(TARGET_NAME)";
				SWIFT_VERSION = 3.0;
			};
			name = Debug;
		};
		81DD3A931DD74B4A003E55D9 /* Release */ = {
			isa = XCBuildConfiguration;
			buildSettings = {
				ASSETCATALOG_COMPILER_APPICON_NAME = AppIcon;
				INFOPLIST_FILE = PhotoViewer/Info.plist;
				LD_RUNPATH_SEARCH_PATHS = "$(inherited) @executable_path/Frameworks";
				PRODUCT_BUNDLE_IDENTIFIER = tanabealex.PhotoViewer;
				PRODUCT_NAME = "$(TARGET_NAME)";
				SWIFT_VERSION = 3.0;
			};
			name = Release;
		};
/* End XCBuildConfiguration section */

/* Begin XCConfigurationList section */
		81DD3A771DD74B4A003E55D9 /* Build configuration list for PBXProject "PhotoViewer" */ = {
			isa = XCConfigurationList;
			buildConfigurations = (
				81DD3A8F1DD74B4A003E55D9 /* Debug */,
				81DD3A901DD74B4A003E55D9 /* Release */,
			);
			defaultConfigurationIsVisible = 0;
			defaultConfigurationName = Release;
		};
		81DD3A911DD74B4A003E55D9 /* Build configuration list for PBXNativeTarget "PhotoViewer" */ = {
			isa = XCConfigurationList;
			buildConfigurations = (
				81DD3A921DD74B4A003E55D9 /* Debug */,
				81DD3A931DD74B4A003E55D9 /* Release */,
			);
			defaultConfigurationIsVisible = 0;
		};
/* End XCConfigurationList section */

/* Begin XCVersionGroup section */
		81DD3A861DD74B4A003E55D9 /* PhotoViewer.xcdatamodeld */ = {
			isa = XCVersionGroup;
			children = (
				81DD3A871DD74B4A003E55D9 /* PhotoViewer.xcdatamodel */,
			);
			currentVersion = 81DD3A871DD74B4A003E55D9 /* PhotoViewer.xcdatamodel */;
			path = PhotoViewer.xcdatamodeld;
			sourceTree = "<group>";
			versionGroupType = wrapper.xcdatamodel;
		};
/* End XCVersionGroup section */
	};
	rootObject = 81DD3A741DD74B4A003E55D9 /* Project object */;
}
